
Microsoft Visual Studio Solution File, Format Version 12.00
# Visual Studio 15
VisualStudioVersion = 15.0.27130.2024
MinimumVisualStudioVersion = 10.0.40219.1
Project("{FAE04EC0-301F-11D3-BF4B-00C04F79EFBC}") = "DockerApp", "DockerApp\DockerApp.csproj", "{D00FE836-453F-404A-A808-32EA5245375E}"
EndProject
Project("{E53339B2-1760-4266-BCC7-CA923CBCF16C}") = "docker-compose", "docker-compose.dcproj", "{9F6E2295-8FC1-4A62-9C96-F0135802627B}"
EndProject
Global
	GlobalSection(SolutionConfigurationPlatforms) = preSolution
		Debug|Any CPU = Debug|Any CPU
		Release|Any CPU = Release|Any CPU
	EndGlobalSection
	GlobalSection(ProjectConfigurationPlatforms) = postSolution
		{D00FE836-453F-404A-A808-32EA5245375E}.Debug|Any CPU.ActiveCfg = Debug|Any CPU
		{D00FE836-453F-404A-A808-32EA5245375E}.Debug|Any CPU.Build.0 = Debug|Any CPU
		{D00FE836-453F-404A-A808-32EA5245375E}.Release|Any CPU.ActiveCfg = Release|Any CPU
		{D00FE836-453F-404A-A808-32EA5245375E}.Release|Any CPU.Build.0 = Release|Any CPU
		{9F6E2295-8FC1-4A62-9C96-F0135802627B}.Debug|Any CPU.ActiveCfg = Debug|Any CPU
		{9F6E2295-8FC1-4A62-9C96-F0135802627B}.Debug|Any CPU.Build.0 = Debug|Any CPU
		{9F6E2295-8FC1-4A62-9C96-F0135802627B}.Release|Any CPU.ActiveCfg = Release|Any CPU
		{9F6E2295-8FC1-4A62-9C96-F0135802627B}.Release|Any CPU.Build.0 = Release|Any CPU
	EndGlobalSection
	GlobalSection(SolutionProperties) = preSolution
		HideSolutionNode = FALSE
	EndGlobalSection
	GlobalSection(ExtensibilityGlobals) = postSolution
		SolutionGuid = {CCBDB257-7FFA-48AD-B799-6DF6CB7E5913}
	EndGlobalSection
EndGlobal
