
Microsoft Visual Studio Solution File, Format Version 12.00
# Visual Studio 15
VisualStudioVersion = 15.0.26730.8
MinimumVisualStudioVersion = 10.0.40219.1
Project("{FAE04EC0-301F-11D3-BF4B-00C04F79EFBC}") = "SystemInfo", "SystemInfo\SystemInfo.csproj", "{76988CF2-D6F7-4126-A5AB-A1B903B59746}"
EndProject
Global
	GlobalSection(SolutionConfigurationPlatforms) = preSolution
		Debug|Any CPU = Debug|Any CPU
		Release|Any CPU = Release|Any CPU
	EndGlobalSection
	GlobalSection(ProjectConfigurationPlatforms) = postSolution
		{76988CF2-D6F7-4126-A5AB-A1B903B59746}.Debug|Any CPU.ActiveCfg = Debug|Any CPU
		{76988CF2-D6F7-4126-A5AB-A1B903B59746}.Debug|Any CPU.Build.0 = Debug|Any CPU
		{76988CF2-D6F7-4126-A5AB-A1B903B59746}.Release|Any CPU.ActiveCfg = Release|Any CPU
		{76988CF2-D6F7-4126-A5AB-A1B903B59746}.Release|Any CPU.Build.0 = Release|Any CPU
	EndGlobalSection
	GlobalSection(SolutionProperties) = preSolution
		HideSolutionNode = FALSE
	EndGlobalSection
	GlobalSection(ExtensibilityGlobals) = postSolution
		SolutionGuid = {5D9775F0-5633-4C15-A89D-EF65D2D90329}
	EndGlobalSection
EndGlobal
