
Microsoft Visual Studio Solution File, Format Version 12.00
# Visual Studio 15
VisualStudioVersion = 15.0.27130.2024
MinimumVisualStudioVersion = 10.0.40219.1
Project("{FAE04EC0-301F-11D3-BF4B-00C04F79EFBC}") = "CoreTwitter", "CoreTwitter\CoreTwitter.csproj", "{72B76AD2-C88C-46D0-9855-B2CEC9DF7C23}"
EndProject
Global
	GlobalSection(SolutionConfigurationPlatforms) = preSolution
		Debug|Any CPU = Debug|Any CPU
		Release|Any CPU = Release|Any CPU
	EndGlobalSection
	GlobalSection(ProjectConfigurationPlatforms) = postSolution
		{72B76AD2-C88C-46D0-9855-B2CEC9DF7C23}.Debug|Any CPU.ActiveCfg = Debug|Any CPU
		{72B76AD2-C88C-46D0-9855-B2CEC9DF7C23}.Debug|Any CPU.Build.0 = Debug|Any CPU
		{72B76AD2-C88C-46D0-9855-B2CEC9DF7C23}.Release|Any CPU.ActiveCfg = Release|Any CPU
		{72B76AD2-C88C-46D0-9855-B2CEC9DF7C23}.Release|Any CPU.Build.0 = Release|Any CPU
	EndGlobalSection
	GlobalSection(SolutionProperties) = preSolution
		HideSolutionNode = FALSE
	EndGlobalSection
	GlobalSection(ExtensibilityGlobals) = postSolution
		SolutionGuid = {2EC03318-4FF8-4D45-96E4-1F993196781A}
	EndGlobalSection
EndGlobal
